
Microsoft Visual Studio Solution File, Format Version 12.00
# Visual Studio Version 16
VisualStudioVersion = 16.0.30225.117
MinimumVisualStudioVersion = 10.0.40219.1
Project("{FAE04EC0-301F-11D3-BF4B-00C04F79EFBC}") = "Helpdesk System", "Helpdesk System\Helpdesk System.csproj", "{C19B95FF-54ED-4755-96AD-7E3CF8B2F013}"
EndProject
Global
	GlobalSection(SolutionConfigurationPlatforms) = preSolution
		Debug|Any CPU = Debug|Any CPU
		Release|Any CPU = Release|Any CPU
	EndGlobalSection
	GlobalSection(ProjectConfigurationPlatforms) = postSolution
		{C19B95FF-54ED-4755-96AD-7E3CF8B2F013}.Debug|Any CPU.ActiveCfg = Debug|Any CPU
		{C19B95FF-54ED-4755-96AD-7E3CF8B2F013}.Debug|Any CPU.Build.0 = Debug|Any CPU
		{C19B95FF-54ED-4755-96AD-7E3CF8B2F013}.Release|Any CPU.ActiveCfg = Release|Any CPU
		{C19B95FF-54ED-4755-96AD-7E3CF8B2F013}.Release|Any CPU.Build.0 = Release|Any CPU
	EndGlobalSection
	GlobalSection(SolutionProperties) = preSolution
		HideSolutionNode = FALSE
	EndGlobalSection
	GlobalSection(ExtensibilityGlobals) = postSolution
		SolutionGuid = {31A7A19E-F9EB-4A60-A103-43638B4DB6A2}
	EndGlobalSection
EndGlobal
